// !$*UTF8*$!
{
	archiveVersion = 1;
	classes = {
	};
	objectVersion = 46;
	objects = {

/* Begin PBXBuildFile section */
		119BC0B11DBDF53B0061BBD3 /* main.m in Sources */ = {isa = PBXBuildFile; fileRef = 119BC0B01DBDF53B0061BBD3 /* main.m */; };
		119BC0B41DBDF53B0061BBD3 /* AppDelegate.m in Sources */ = {isa = PBXBuildFile; fileRef = 119BC0B31DBDF53B0061BBD3 /* AppDelegate.m */; };
		119BC0B71DBDF53B0061BBD3 /* ViewController.m in Sources */ = {isa = PBXBuildFile; fileRef = 119BC0B61DBDF53B0061BBD3 /* ViewController.m */; };
		119BC0BA1DBDF53B0061BBD3 /* Main.storyboard in Resources */ = {isa = PBXBuildFile; fileRef = 119BC0B81DBDF53B0061BBD3 /* Main.storyboard */; };
		119BC0BC1DBDF53B0061BBD3 /* Assets.xcassets in Resources */ = {isa = PBXBuildFile; fileRef = 119BC0BB1DBDF53B0061BBD3 /* Assets.xcassets */; };
		119BC0BF1DBDF53B0061BBD3 /* LaunchScreen.storyboard in Resources */ = {isa = PBXBuildFile; fileRef = 119BC0BD1DBDF53B0061BBD3 /* LaunchScreen.storyboard */; };
		119BC0CA1DBDF53B0061BBD3 /* XLReactiveCocoaExtensionsDevTests.m in Sources */ = {isa = PBXBuildFile; fileRef = 119BC0C91DBDF53B0061BBD3 /* XLReactiveCocoaExtensionsDevTests.m */; };
		9A7A5796A60C9CF9EFEF60F8 /* libPods-XLReactiveCocoaExtensionsDevTests.a in Frameworks */ = {isa = PBXBuildFile; fileRef = FACA2AB4B0E29444EBAA4F2A /* libPods-XLReactiveCocoaExtensionsDevTests.a */; };
		B39A0EEE6D6598478E15BA31 /* libPods-XLReactiveCocoaExtensionsDev.a in Frameworks */ = {isa = PBXBuildFile; fileRef = CECFCE1E3BDA62F72B2764D3 /* libPods-XLReactiveCocoaExtensionsDev.a */; };
/* End PBXBuildFile section */

/* Begin PBXContainerItemProxy section */
		119BC0C61DBDF53B0061BBD3 /* PBXContainerItemProxy */ = {
			isa = PBXContainerItemProxy;
			containerPortal = 119BC0A41DBDF53B0061BBD3 /* Project object */;
			proxyType = 1;
			remoteGlobalIDString = 119BC0AB1DBDF53B0061BBD3;
			remoteInfo = XLReactiveCocoaExtensionsDev;
		};
/* End PBXContainerItemProxy section */

/* Begin PBXFileReference section */
		119BC0AC1DBDF53B0061BBD3 /* XLReactiveCocoaExtensionsDev.app */ = {isa = PBXFileReference; explicitFileType = wrapper.application; includeInIndex = 0; path = XLReactiveCocoaExtensionsDev.app; sourceTree = BUILT_PRODUCTS_DIR; };
		119BC0B01DBDF53B0061BBD3 /* main.m */ = {isa = PBXFileReference; lastKnownFileType = sourcecode.c.objc; path = main.m; sourceTree = "<group>"; };
		119BC0B21DBDF53B0061BBD3 /* AppDelegate.h */ = {isa = PBXFileReference; lastKnownFileType = sourcecode.c.h; path = AppDelegate.h; sourceTree = "<group>"; };
		119BC0B31DBDF53B0061BBD3 /* AppDelegate.m */ = {isa = PBXFileReference; lastKnownFileType = sourcecode.c.objc; path = AppDelegate.m; sourceTree = "<group>"; };
		119BC0B51DBDF53B0061BBD3 /* ViewController.h */ = {isa = PBXFileReference; lastKnownFileType = sourcecode.c.h; path = ViewController.h; sourceTree = "<group>"; };
		119BC0B61DBDF53B0061BBD3 /* ViewController.m */ = {isa = PBXFileReference; lastKnownFileType = sourcecode.c.objc; path = ViewController.m; sourceTree = "<group>"; };
		119BC0B91DBDF53B0061BBD3 /* Base */ = {isa = PBXFileReference; lastKnownFileType = file.storyboard; name = Base; path = Base.lproj/Main.storyboard; sourceTree = "<group>"; };
		119BC0BB1DBDF53B0061BBD3 /* Assets.xcassets */ = {isa = PBXFileReference; lastKnownFileType = folder.assetcatalog; path = Assets.xcassets; sourceTree = "<group>"; };
		119BC0BE1DBDF53B0061BBD3 /* Base */ = {isa = PBXFileReference; lastKnownFileType = file.storyboard; name = Base; path = Base.lproj/LaunchScreen.storyboard; sourceTree = "<group>"; };
		119BC0C01DBDF53B0061BBD3 /* Info.plist */ = {isa = PBXFileReference; lastKnownFileType = text.plist.xml; path = Info.plist; sourceTree = "<group>"; };
		119BC0C51DBDF53B0061BBD3 /* XLReactiveCocoaExtensionsDevTests.xctest */ = {isa = PBXFileReference; explicitFileType = wrapper.cfbundle; includeInIndex = 0; path = XLReactiveCocoaExtensionsDevTests.xctest; sourceTree = BUILT_PRODUCTS_DIR; };
		119BC0C91DBDF53B0061BBD3 /* XLReactiveCocoaExtensionsDevTests.m */ = {isa = PBXFileReference; lastKnownFileType = sourcecode.c.objc; path = XLReactiveCocoaExtensionsDevTests.m; sourceTree = "<group>"; };
		119BC0CB1DBDF53B0061BBD3 /* Info.plist */ = {isa = PBXFileReference; lastKnownFileType = text.plist.xml; path = Info.plist; sourceTree = "<group>"; };
		5982884FCECD2C04F2BEEC19 /* Pods-XLReactiveCocoaExtensionsDevTests.release.xcconfig */ = {isa = PBXFileReference; includeInIndex = 1; lastKnownFileType = text.xcconfig; name = "Pods-XLReactiveCocoaExtensionsDevTests.release.xcconfig"; path = "Pods/Target Support Files/Pods-XLReactiveCocoaExtensionsDevTests/Pods-XLReactiveCocoaExtensionsDevTests.release.xcconfig"; sourceTree = "<group>"; };
		B41BA16257C428CD8F7DA133 /* Pods-XLReactiveCocoaExtensionsDev.release.xcconfig */ = {isa = PBXFileReference; includeInIndex = 1; lastKnownFileType = text.xcconfig; name = "Pods-XLReactiveCocoaExtensionsDev.release.xcconfig"; path = "Pods/Target Support Files/Pods-XLReactiveCocoaExtensionsDev/Pods-XLReactiveCocoaExtensionsDev.release.xcconfig"; sourceTree = "<group>"; };
		CECFCE1E3BDA62F72B2764D3 /* libPods-XLReactiveCocoaExtensionsDev.a */ = {isa = PBXFileReference; explicitFileType = archive.ar; includeInIndex = 0; path = "libPods-XLReactiveCocoaExtensionsDev.a"; sourceTree = BUILT_PRODUCTS_DIR; };
		D0128C8D677E801C4D4DD6C4 /* Pods-XLReactiveCocoaExtensionsDev.debug.xcconfig */ = {isa = PBXFileReference; includeInIndex = 1; lastKnownFileType = text.xcconfig; name = "Pods-XLReactiveCocoaExtensionsDev.debug.xcconfig"; path = "Pods/Target Support Files/Pods-XLReactiveCocoaExtensionsDev/Pods-XLReactiveCocoaExtensionsDev.debug.xcconfig"; sourceTree = "<group>"; };
		DDF52999F53A28738C5E01DD /* Pods-XLReactiveCocoaExtensionsDevTests.debug.xcconfig */ = {isa = PBXFileReference; includeInIndex = 1; lastKnownFileType = text.xcconfig; name = "Pods-XLReactiveCocoaExtensionsDevTests.debug.xcconfig"; path = "Pods/Target Support Files/Pods-XLReactiveCocoaExtensionsDevTests/Pods-XLReactiveCocoaExtensionsDevTests.debug.xcconfig"; sourceTree = "<group>"; };
		FACA2AB4B0E29444EBAA4F2A /* libPods-XLReactiveCocoaExtensionsDevTests.a */ = {isa = PBXFileReference; explicitFileType = archive.ar; includeInIndex = 0; path = "libPods-XLReactiveCocoaExtensionsDevTests.a"; sourceTree = BUILT_PRODUCTS_DIR; };
/* End PBXFileReference section */

/* Begin PBXFrameworksBuildPhase section */
		119BC0A91DBDF53B0061BBD3 /* Frameworks */ = {
			isa = PBXFrameworksBuildPhase;
			buildActionMask = 2147483647;
			files = (
				B39A0EEE6D6598478E15BA31 /* libPods-XLReactiveCocoaExtensionsDev.a in Frameworks */,
			);
			runOnlyForDeploymentPostprocessing = 0;
		};
		119BC0C21DBDF53B0061BBD3 /* Frameworks */ = {
			isa = PBXFrameworksBuildPhase;
			buildActionMask = 2147483647;
			files = (
				9A7A5796A60C9CF9EFEF60F8 /* libPods-XLReactiveCocoaExtensionsDevTests.a in Frameworks */,
			);
			runOnlyForDeploymentPostprocessing = 0;
		};
/* End PBXFrameworksBuildPhase section */

/* Begin PBXGroup section */
		119BC0A31DBDF53B0061BBD3 = {
			isa = PBXGroup;
			children = (
				119BC0AE1DBDF53B0061BBD3 /* XLReactiveCocoaExtensionsDev */,
				119BC0C81DBDF53B0061BBD3 /* XLReactiveCocoaExtensionsDevTests */,
				119BC0AD1DBDF53B0061BBD3 /* Products */,
				7EF806E202CB05EA3604EA33 /* Pods */,
				CEDBBE1C3A2AEB7922709F4E /* Frameworks */,
			);
			sourceTree = "<group>";
		};
		119BC0AD1DBDF53B0061BBD3 /* Products */ = {
			isa = PBXGroup;
			children = (
				119BC0AC1DBDF53B0061BBD3 /* XLReactiveCocoaExtensionsDev.app */,
				119BC0C51DBDF53B0061BBD3 /* XLReactiveCocoaExtensionsDevTests.xctest */,
			);
			name = Products;
			sourceTree = "<group>";
		};
		119BC0AE1DBDF53B0061BBD3 /* XLReactiveCocoaExtensionsDev */ = {
			isa = PBXGroup;
			children = (
				119BC0B21DBDF53B0061BBD3 /* AppDelegate.h */,
				119BC0B31DBDF53B0061BBD3 /* AppDelegate.m */,
				119BC0B51DBDF53B0061BBD3 /* ViewController.h */,
				119BC0B61DBDF53B0061BBD3 /* ViewController.m */,
				119BC0B81DBDF53B0061BBD3 /* Main.storyboard */,
				119BC0BB1DBDF53B0061BBD3 /* Assets.xcassets */,
				119BC0BD1DBDF53B0061BBD3 /* LaunchScreen.storyboard */,
				119BC0C01DBDF53B0061BBD3 /* Info.plist */,
				119BC0AF1DBDF53B0061BBD3 /* Supporting Files */,
			);
			path = XLReactiveCocoaExtensionsDev;
			sourceTree = "<group>";
		};
		119BC0AF1DBDF53B0061BBD3 /* Supporting Files */ = {
			isa = PBXGroup;
			children = (
				119BC0B01DBDF53B0061BBD3 /* main.m */,
			);
			name = "Supporting Files";
			sourceTree = "<group>";
		};
		119BC0C81DBDF53B0061BBD3 /* XLReactiveCocoaExtensionsDevTests */ = {
			isa = PBXGroup;
			children = (
				119BC0C91DBDF53B0061BBD3 /* XLReactiveCocoaExtensionsDevTests.m */,
				119BC0CB1DBDF53B0061BBD3 /* Info.plist */,
			);
			path = XLReactiveCocoaExtensionsDevTests;
			sourceTree = "<group>";
		};
		7EF806E202CB05EA3604EA33 /* Pods */ = {
			isa = PBXGroup;
			children = (
				DDF52999F53A28738C5E01DD /* Pods-XLReactiveCocoaExtensionsDevTests.debug.xcconfig */,
				5982884FCECD2C04F2BEEC19 /* Pods-XLReactiveCocoaExtensionsDevTests.release.xcconfig */,
				D0128C8D677E801C4D4DD6C4 /* Pods-XLReactiveCocoaExtensionsDev.debug.xcconfig */,
				B41BA16257C428CD8F7DA133 /* Pods-XLReactiveCocoaExtensionsDev.release.xcconfig */,
			);
			name = Pods;
			sourceTree = "<group>";
		};
		CEDBBE1C3A2AEB7922709F4E /* Frameworks */ = {
			isa = PBXGroup;
			children = (
				FACA2AB4B0E29444EBAA4F2A /* libPods-XLReactiveCocoaExtensionsDevTests.a */,
				CECFCE1E3BDA62F72B2764D3 /* libPods-XLReactiveCocoaExtensionsDev.a */,
			);
			name = Frameworks;
			sourceTree = "<group>";
		};
/* End PBXGroup section */

/* Begin PBXNativeTarget section */
		119BC0AB1DBDF53B0061BBD3 /* XLReactiveCocoaExtensionsDev */ = {
			isa = PBXNativeTarget;
			buildConfigurationList = 119BC0CE1DBDF53B0061BBD3 /* Build configuration list for PBXNativeTarget "XLReactiveCocoaExtensionsDev" */;
			buildPhases = (
				07D8B7255F3F015BBAC27BA8 /* [CP] Check Pods Manifest.lock */,
				119BC0A81DBDF53B0061BBD3 /* Sources */,
				119BC0A91DBDF53B0061BBD3 /* Frameworks */,
				119BC0AA1DBDF53B0061BBD3 /* Resources */,
				D04EA5B14BE6E3895E711E31 /* [CP] Embed Pods Frameworks */,
				6715C0AD51F31E1FC1A57EB2 /* [CP] Copy Pods Resources */,
			);
			buildRules = (
			);
			dependencies = (
			);
			name = XLReactiveCocoaExtensionsDev;
			productName = XLReactiveCocoaExtensionsDev;
			productReference = 119BC0AC1DBDF53B0061BBD3 /* XLReactiveCocoaExtensionsDev.app */;
			productType = "com.apple.product-type.application";
		};
		119BC0C41DBDF53B0061BBD3 /* XLReactiveCocoaExtensionsDevTests */ = {
			isa = PBXNativeTarget;
			buildConfigurationList = 119BC0D11DBDF53B0061BBD3 /* Build configuration list for PBXNativeTarget "XLReactiveCocoaExtensionsDevTests" */;
			buildPhases = (
				A6ACA09E792911233297D1F9 /* [CP] Check Pods Manifest.lock */,
				119BC0C11DBDF53B0061BBD3 /* Sources */,
				119BC0C21DBDF53B0061BBD3 /* Frameworks */,
				119BC0C31DBDF53B0061BBD3 /* Resources */,
				7D6E173DB36321218B5B583E /* [CP] Embed Pods Frameworks */,
				726F3EAE3E4AF361EB5C0F23 /* [CP] Copy Pods Resources */,
			);
			buildRules = (
			);
			dependencies = (
				119BC0C71DBDF53B0061BBD3 /* PBXTargetDependency */,
			);
			name = XLReactiveCocoaExtensionsDevTests;
			productName = XLReactiveCocoaExtensionsDevTests;
			productReference = 119BC0C51DBDF53B0061BBD3 /* XLReactiveCocoaExtensionsDevTests.xctest */;
			productType = "com.apple.product-type.bundle.unit-test";
		};
/* End PBXNativeTarget section */

/* Begin PBXProject section */
		119BC0A41DBDF53B0061BBD3 /* Project object */ = {
			isa = PBXProject;
			attributes = {
				LastUpgradeCheck = 0800;
				ORGANIZATIONNAME = "Xaree Lee";
				TargetAttributes = {
					119BC0AB1DBDF53B0061BBD3 = {
						CreatedOnToolsVersion = 8.0;
						DevelopmentTeam = CVZLELN43Y;
						ProvisioningStyle = Automatic;
					};
					119BC0C41DBDF53B0061BBD3 = {
						CreatedOnToolsVersion = 8.0;
						DevelopmentTeam = CVZLELN43Y;
						ProvisioningStyle = Automatic;
						TestTargetID = 119BC0AB1DBDF53B0061BBD3;
					};
				};
			};
			buildConfigurationList = 119BC0A71DBDF53B0061BBD3 /* Build configuration list for PBXProject "XLReactiveCocoaExtensionsDev" */;
			compatibilityVersion = "Xcode 3.2";
			developmentRegion = English;
			hasScannedForEncodings = 0;
			knownRegions = (
				en,
				Base,
			);
			mainGroup = 119BC0A31DBDF53B0061BBD3;
			productRefGroup = 119BC0AD1DBDF53B0061BBD3 /* Products */;
			projectDirPath = "";
			projectRoot = "";
			targets = (
				119BC0AB1DBDF53B0061BBD3 /* XLReactiveCocoaExtensionsDev */,
				119BC0C41DBDF53B0061BBD3 /* XLReactiveCocoaExtensionsDevTests */,
			);
		};
/* End PBXProject section */

/* Begin PBXResourcesBuildPhase section */
		119BC0AA1DBDF53B0061BBD3 /* Resources */ = {
			isa = PBXResourcesBuildPhase;
			buildActionMask = 2147483647;
			files = (
				119BC0BF1DBDF53B0061BBD3 /* LaunchScreen.storyboard in Resources */,
				119BC0BC1DBDF53B0061BBD3 /* Assets.xcassets in Resources */,
				119BC0BA1DBDF53B0061BBD3 /* Main.storyboard in Resources */,
			);
			runOnlyForDeploymentPostprocessing = 0;
		};
		119BC0C31DBDF53B0061BBD3 /* Resources */ = {
			isa = PBXResourcesBuildPhase;
			buildActionMask = 2147483647;
			files = (
			);
			runOnlyForDeploymentPostprocessing = 0;
		};
/* End PBXResourcesBuildPhase section */

/* Begin PBXShellScriptBuildPhase section */
		07D8B7255F3F015BBAC27BA8 /* [CP] Check Pods Manifest.lock */ = {
			isa = PBXShellScriptBuildPhase;
			buildActionMask = 2147483647;
			files = (
			);
			inputPaths = (
			);
			name = "[CP] Check Pods Manifest.lock";
			outputPaths = (
			);
			runOnlyForDeploymentPostprocessing = 0;
			shellPath = /bin/sh;
			shellScript = "diff \"${PODS_ROOT}/../Podfile.lock\" \"${PODS_ROOT}/Manifest.lock\" > /dev/null\nif [ $? != 0 ] ; then\n    # print error to STDERR\n    echo \"error: The sandbox is not in sync with the Podfile.lock. Run 'pod install' or update your CocoaPods installation.\" >&2\n    exit 1\nfi\n";
			showEnvVarsInLog = 0;
		};
		6715C0AD51F31E1FC1A57EB2 /* [CP] Copy Pods Resources */ = {
			isa = PBXShellScriptBuildPhase;
			buildActionMask = 2147483647;
			files = (
			);
			inputPaths = (
			);
			name = "[CP] Copy Pods Resources";
			outputPaths = (
			);
			runOnlyForDeploymentPostprocessing = 0;
			shellPath = /bin/sh;
			shellScript = "\"${SRCROOT}/Pods/Target Support Files/Pods-XLReactiveCocoaExtensionsDev/Pods-XLReactiveCocoaExtensionsDev-resources.sh\"\n";
			showEnvVarsInLog = 0;
		};
		726F3EAE3E4AF361EB5C0F23 /* [CP] Copy Pods Resources */ = {
			isa = PBXShellScriptBuildPhase;
			buildActionMask = 2147483647;
			files = (
			);
			inputPaths = (
			);
			name = "[CP] Copy Pods Resources";
			outputPaths = (
			);
			runOnlyForDeploymentPostprocessing = 0;
			shellPath = /bin/sh;
			shellScript = "\"${SRCROOT}/Pods/Target Support Files/Pods-XLReactiveCocoaExtensionsDevTests/Pods-XLReactiveCocoaExtensionsDevTests-resources.sh\"\n";
			showEnvVarsInLog = 0;
		};
		7D6E173DB36321218B5B583E /* [CP] Embed Pods Frameworks */ = {
			isa = PBXShellScriptBuildPhase;
			buildActionMask = 2147483647;
			files = (
			);
			inputPaths = (
			);
			name = "[CP] Embed Pods Frameworks";
			outputPaths = (
			);
			runOnlyForDeploymentPostprocessing = 0;
			shellPath = /bin/sh;
			shellScript = "\"${SRCROOT}/Pods/Target Support Files/Pods-XLReactiveCocoaExtensionsDevTests/Pods-XLReactiveCocoaExtensionsDevTests-frameworks.sh\"\n";
			showEnvVarsInLog = 0;
		};
		A6ACA09E792911233297D1F9 /* [CP] Check Pods Manifest.lock */ = {
			isa = PBXShellScriptBuildPhase;
			buildActionMask = 2147483647;
			files = (
			);
			inputPaths = (
			);
			name = "[CP] Check Pods Manifest.lock";
			outputPaths = (
			);
			runOnlyForDeploymentPostprocessing = 0;
			shellPath = /bin/sh;
			shellScript = "diff \"${PODS_ROOT}/../Podfile.lock\" \"${PODS_ROOT}/Manifest.lock\" > /dev/null\nif [ $? != 0 ] ; then\n    # print error to STDERR\n    echo \"error: The sandbox is not in sync with the Podfile.lock. Run 'pod install' or update your CocoaPods installation.\" >&2\n    exit 1\nfi\n";
			showEnvVarsInLog = 0;
		};
		D04EA5B14BE6E3895E711E31 /* [CP] Embed Pods Frameworks */ = {
			isa = PBXShellScriptBuildPhase;
			buildActionMask = 2147483647;
			files = (
			);
			inputPaths = (
			);
			name = "[CP] Embed Pods Frameworks";
			outputPaths = (
			);
			runOnlyForDeploymentPostprocessing = 0;
			shellPath = /bin/sh;
			shellScript = "\"${SRCROOT}/Pods/Target Support Files/Pods-XLReactiveCocoaExtensionsDev/Pods-XLReactiveCocoaExtensionsDev-frameworks.sh\"\n";
			showEnvVarsInLog = 0;
		};
/* End PBXShellScriptBuildPhase section */

/* Begin PBXSourcesBuildPhase section */
		119BC0A81DBDF53B0061BBD3 /* Sources */ = {
			isa = PBXSourcesBuildPhase;
			buildActionMask = 2147483647;
			files = (
				119BC0B71DBDF53B0061BBD3 /* ViewController.m in Sources */,
				119BC0B41DBDF53B0061BBD3 /* AppDelegate.m in Sources */,
				119BC0B11DBDF53B0061BBD3 /* main.m in Sources */,
			);
			runOnlyForDeploymentPostprocessing = 0;
		};
		119BC0C11DBDF53B0061BBD3 /* Sources */ = {
			isa = PBXSourcesBuildPhase;
			buildActionMask = 2147483647;
			files = (
				119BC0CA1DBDF53B0061BBD3 /* XLReactiveCocoaExtensionsDevTests.m in Sources */,
			);
			runOnlyForDeploymentPostprocessing = 0;
		};
/* End PBXSourcesBuildPhase section */

/* Begin PBXTargetDependency section */
		119BC0C71DBDF53B0061BBD3 /* PBXTargetDependency */ = {
			isa = PBXTargetDependency;
			target = 119BC0AB1DBDF53B0061BBD3 /* XLReactiveCocoaExtensionsDev */;
			targetProxy = 119BC0C61DBDF53B0061BBD3 /* PBXContainerItemProxy */;
		};
/* End PBXTargetDependency section */

/* Begin PBXVariantGroup section */
		119BC0B81DBDF53B0061BBD3 /* Main.storyboard */ = {
			isa = PBXVariantGroup;
			children = (
				119BC0B91DBDF53B0061BBD3 /* Base */,
			);
			name = Main.storyboard;
			sourceTree = "<group>";
		};
		119BC0BD1DBDF53B0061BBD3 /* LaunchScreen.storyboard */ = {
			isa = PBXVariantGroup;
			children = (
				119BC0BE1DBDF53B0061BBD3 /* Base */,
			);
			name = LaunchScreen.storyboard;
			sourceTree = "<group>";
		};
/* End PBXVariantGroup section */

/* Begin XCBuildConfiguration section */
		119BC0CC1DBDF53B0061BBD3 /* Debug */ = {
			isa = XCBuildConfiguration;
			buildSettings = {
				ALWAYS_SEARCH_USER_PATHS = NO;
				CLANG_ANALYZER_NONNULL = YES;
				CLANG_CXX_LANGUAGE_STANDARD = "gnu++0x";
				CLANG_CXX_LIBRARY = "libc++";
				CLANG_ENABLE_MODULES = YES;
				CLANG_ENABLE_OBJC_ARC = YES;
				CLANG_WARN_BOOL_CONVERSION = YES;
				CLANG_WARN_CONSTANT_CONVERSION = YES;
				CLANG_WARN_DIRECT_OBJC_ISA_USAGE = YES_ERROR;
				CLANG_WARN_DOCUMENTATION_COMMENTS = YES;
				CLANG_WARN_EMPTY_BODY = YES;
				CLANG_WARN_ENUM_CONVERSION = YES;
				CLANG_WARN_INFINITE_RECURSION = YES;
				CLANG_WARN_INT_CONVERSION = YES;
				CLANG_WARN_OBJC_ROOT_CLASS = YES_ERROR;
				CLANG_WARN_SUSPICIOUS_MOVES = YES;
				CLANG_WARN_UNREACHABLE_CODE = YES;
				CLANG_WARN__DUPLICATE_METHOD_MATCH = YES;
				"CODE_SIGN_IDENTITY[sdk=iphoneos*]" = "iPhone Developer";
				COPY_PHASE_STRIP = NO;
				DEBUG_INFORMATION_FORMAT = dwarf;
				ENABLE_STRICT_OBJC_MSGSEND = YES;
				ENABLE_TESTABILITY = YES;
				GCC_C_LANGUAGE_STANDARD = gnu99;
				GCC_DYNAMIC_NO_PIC = NO;
				GCC_NO_COMMON_BLOCKS = YES;
				GCC_OPTIMIZATION_LEVEL = 0;
				GCC_PREPROCESSOR_DEFINITIONS = (
					"DEBUG=1",
					"$(inherited)",
				);
				GCC_WARN_64_TO_32_BIT_CONVERSION = YES;
				GCC_WARN_ABOUT_RETURN_TYPE = YES_ERROR;
				GCC_WARN_UNDECLARED_SELECTOR = YES;
				GCC_WARN_UNINITIALIZED_AUTOS = YES_AGGRESSIVE;
				GCC_WARN_UNUSED_FUNCTION = YES;
				GCC_WARN_UNUSED_VARIABLE = YES;
				IPHONEOS_DEPLOYMENT_TARGET = 10.0;
				MTL_ENABLE_DEBUG_INFO = YES;
				ONLY_ACTIVE_ARCH = YES;
				SDKROOT = iphoneos;
			};
			name = Debug;
		};
		119BC0CD1DBDF53B0061BBD3 /* Release */ = {
			isa = XCBuildConfiguration;
			buildSettings = {
				ALWAYS_SEARCH_USER_PATHS = NO;
				CLANG_ANALYZER_NONNULL = YES;
				CLANG_CXX_LANGUAGE_STANDARD = "gnu++0x";
				CLANG_CXX_LIBRARY = "libc++";
				CLANG_ENABLE_MODULES = YES;
				CLANG_ENABLE_OBJC_ARC = YES;
				CLANG_WARN_BOOL_CONVERSION = YES;
				CLANG_WARN_CONSTANT_CONVERSION = YES;
				CLANG_WARN_DIRECT_OBJC_ISA_USAGE = YES_ERROR;
				CLANG_WARN_DOCUMENTATION_COMMENTS = YES;
				CLANG_WARN_EMPTY_BODY = YES;
				CLANG_WARN_ENUM_CONVERSION = YES;
				CLANG_WARN_INFINITE_RECURSION = YES;
				CLANG_WARN_INT_CONVERSION = YES;
				CLANG_WARN_OBJC_ROOT_CLASS = YES_ERROR;
				CLANG_WARN_SUSPICIOUS_MOVES = YES;
				CLANG_WARN_UNREACHABLE_CODE = YES;
				CLANG_WARN__DUPLICATE_METHOD_MATCH = YES;
				"CODE_SIGN_IDENTITY[sdk=iphoneos*]" = "iPhone Developer";
				COPY_PHASE_STRIP = NO;
				DEBUG_INFORMATION_FORMAT = "dwarf-with-dsym";
				ENABLE_NS_ASSERTIONS = NO;
				ENABLE_STRICT_OBJC_MSGSEND = YES;
				GCC_C_LANGUAGE_STANDARD = gnu99;
				GCC_NO_COMMON_BLOCKS = YES;
				GCC_WARN_64_TO_32_BIT_CONVERSION = YES;
				GCC_WARN_ABOUT_RETURN_TYPE = YES_ERROR;
				GCC_WARN_UNDECLARED_SELECTOR = YES;
				GCC_WARN_UNINITIALIZED_AUTOS = YES_AGGRESSIVE;
				GCC_WARN_UNUSED_FUNCTION = YES;
				GCC_WARN_UNUSED_VARIABLE = YES;
				IPHONEOS_DEPLOYMENT_TARGET = 10.0;
				MTL_ENABLE_DEBUG_INFO = NO;
				SDKROOT = iphoneos;
				VALIDATE_PRODUCT = YES;
			};
			name = Release;
		};
		119BC0CF1DBDF53B0061BBD3 /* Debug */ = {
			isa = XCBuildConfiguration;
			baseConfigurationReference = D0128C8D677E801C4D4DD6C4 /* Pods-XLReactiveCocoaExtensionsDev.debug.xcconfig */;
			buildSettings = {
				ASSETCATALOG_COMPILER_APPICON_NAME = AppIcon;
				DEVELOPMENT_TEAM = CVZLELN43Y;
				INFOPLIST_FILE = XLReactiveCocoaExtensionsDev/Info.plist;
				LD_RUNPATH_SEARCH_PATHS = "$(inherited) @executable_path/Frameworks";
				PRODUCT_BUNDLE_IDENTIFIER = com.xaree.lee.XLReactiveCocoaExtensionsDev;
				PRODUCT_NAME = "$(TARGET_NAME)";
			};
			name = Debug;
		};
		119BC0D01DBDF53B0061BBD3 /* Release */ = {
			isa = XCBuildConfiguration;
			baseConfigurationReference = B41BA16257C428CD8F7DA133 /* Pods-XLReactiveCocoaExtensionsDev.release.xcconfig */;
			buildSettings = {
				ASSETCATALOG_COMPILER_APPICON_NAME = AppIcon;
				DEVELOPMENT_TEAM = CVZLELN43Y;
				INFOPLIST_FILE = XLReactiveCocoaExtensionsDev/Info.plist;
				LD_RUNPATH_SEARCH_PATHS = "$(inherited) @executable_path/Frameworks";
				PRODUCT_BUNDLE_IDENTIFIER = com.xaree.lee.XLReactiveCocoaExtensionsDev;
				PRODUCT_NAME = "$(TARGET_NAME)";
			};
			name = Release;
		};
		119BC0D21DBDF53B0061BBD3 /* Debug */ = {
			isa = XCBuildConfiguration;
			baseConfigurationReference = DDF52999F53A28738C5E01DD /* Pods-XLReactiveCocoaExtensionsDevTests.debug.xcconfig */;
			buildSettings = {
				BUNDLE_LOADER = "$(TEST_HOST)";
				DEVELOPMENT_TEAM = CVZLELN43Y;
				INFOPLIST_FILE = XLReactiveCocoaExtensionsDevTests/Info.plist;
				LD_RUNPATH_SEARCH_PATHS = "$(inherited) @executable_path/Frameworks @loader_path/Frameworks";
				PRODUCT_BUNDLE_IDENTIFIER = com.xaree.lee.XLReactiveCocoaExtensionsDevTests;
				PRODUCT_NAME = "$(TARGET_NAME)";
				TEST_HOST = "$(BUILT_PRODUCTS_DIR)/XLReactiveCocoaExtensionsDev.app/XLReactiveCocoaExtensionsDev";
			};
			name = Debug;
		};
		119BC0D31DBDF53B0061BBD3 /* Release */ = {
			isa = XCBuildConfiguration;
			baseConfigurationReference = 5982884FCECD2C04F2BEEC19 /* Pods-XLReactiveCocoaExtensionsDevTests.release.xcconfig */;
			buildSettings = {
				BUNDLE_LOADER = "$(TEST_HOST)";
				DEVELOPMENT_TEAM = CVZLELN43Y;
				INFOPLIST_FILE = XLReactiveCocoaExtensionsDevTests/Info.plist;
				LD_RUNPATH_SEARCH_PATHS = "$(inherited) @executable_path/Frameworks @loader_path/Frameworks";
				PRODUCT_BUNDLE_IDENTIFIER = com.xaree.lee.XLReactiveCocoaExtensionsDevTests;
				PRODUCT_NAME = "$(TARGET_NAME)";
				TEST_HOST = "$(BUILT_PRODUCTS_DIR)/XLReactiveCocoaExtensionsDev.app/XLReactiveCocoaExtensionsDev";
			};
			name = Release;
		};
/* End XCBuildConfiguration section */

/* Begin XCConfigurationList section */
		119BC0A71DBDF53B0061BBD3 /* Build configuration list for PBXProject "XLReactiveCocoaExtensionsDev" */ = {
			isa = XCConfigurationList;
			buildConfigurations = (
				119BC0CC1DBDF53B0061BBD3 /* Debug */,
				119BC0CD1DBDF53B0061BBD3 /* Release */,
			);
			defaultConfigurationIsVisible = 0;
			defaultConfigurationName = Release;
		};
		119BC0CE1DBDF53B0061BBD3 /* Build configuration list for PBXNativeTarget "XLReactiveCocoaExtensionsDev" */ = {
			isa = XCConfigurationList;
			buildConfigurations = (
				119BC0CF1DBDF53B0061BBD3 /* Debug */,
				119BC0D01DBDF53B0061BBD3 /* Release */,
			);
			defaultConfigurationIsVisible = 0;
			defaultConfigurationName = Release;
		};
		119BC0D11DBDF53B0061BBD3 /* Build configuration list for PBXNativeTarget "XLReactiveCocoaExtensionsDevTests" */ = {
			isa = XCConfigurationList;
			buildConfigurations = (
				119BC0D21DBDF53B0061BBD3 /* Debug */,
				119BC0D31DBDF53B0061BBD3 /* Release */,
			);
			defaultConfigurationIsVisible = 0;
			defaultConfigurationName = Release;
		};
/* End XCConfigurationList section */
	};
	rootObject = 119BC0A41DBDF53B0061BBD3 /* Project object */;
}
