PODS:
  - ReactiveObjC (1.0.1)
  - XLReactiveCocoaExtensions (3.0.0):
    - XLReactiveCocoaExtensions/Core (= 3.0.0)
    - XLReactiveCocoaExtensions/Foundation (= 3.0.0)
    - XLReactiveCocoaExtensions/UIKit (= 3.0.0)
  - XLReactiveCocoaExtensions/Core (3.0.0):
    - ReactiveObjC (~> 1.0)
  - XLReactiveCocoaExtensions/Foundation (3.0.0):
    - XLReactiveCocoaExtensions/Core
  - XLReactiveCocoaExtensions/UIKit (3.0.0):
    - XLReactiveCocoaExtensions/Core

DEPENDENCIES:
  - XLReactiveCocoaExtensions (from `./../`)

EXTERNAL SOURCES:
  XLReactiveCocoaExtensions:
    :path: "./../"

SPEC CHECKSUMS:
  ReactiveObjC: 0e618037d7b883b4cebcc8da203e8ed9b69ca2d3
  XLReactiveCocoaExtensions: 2f5a935084de66c2c7c6620892b634502b27ef8f

PODFILE CHECKSUM: e027f3b4b08f7ceb4411ce32d960dc3238d5623f

COCOAPODS: 1.1.1
